
Microsoft Visual Studio Solution File, Format Version 12.00
# Visual Studio Version 17
VisualStudioVersion = 17.9.34622.214
MinimumVisualStudioVersion = 10.0.40219.1
Project("{9A19103F-16F7-4668-BE54-9A1E7A4F7556}") = "Artificial.Scrum.Master", "Artificial.Scrum.Master\Artificial.Scrum.Master.csproj", "{173A3335-F449-46B5-BE55-1512DD7C9799}"
EndProject
Project("{9A19103F-16F7-4668-BE54-9A1E7A4F7556}") = "Artificial.Scrum.Master.Test", "Artificial.Scrum.Master.Test\Artificial.Scrum.Master.Test.csproj", "{A264DD87-C1B1-48D9-9680-5D8940C236DE}"
EndProject
Project("{2150E333-8FDC-42A3-9474-1A3956D46DE8}") = "Tests", "Tests", "{B432A0FE-0244-45E2-962F-3F9B55350DCF}"
EndProject
Project("{9A19103F-16F7-4668-BE54-9A1E7A4F7556}") = "Artificial.Scrum.Master.Infrastructure", "Artificial.Scrum.Master.Infrastructure\Artificial.Scrum.Master.Infrastructure.csproj", "{A60BC40A-0229-4029-B2A4-DD4F89968124}"
EndProject
Project("{9A19103F-16F7-4668-BE54-9A1E7A4F7556}") = "Artificial.Scrum.Master.Interfaces", "Artificial.Scrum.Master.Interfaces\Artificial.Scrum.Master.Interfaces.csproj", "{1CC75432-02EF-4AC5-9CE0-8CE7C13D8346}"
EndProject
Project("{2150E333-8FDC-42A3-9474-1A3956D46DE8}") = "Modules", "Modules", "{31D4712E-33B6-4A31-AF65-52041AB7B17B}"
EndProject
Project("{9A19103F-16F7-4668-BE54-9A1E7A4F7556}") = "Artificial.Scrum.Master.UserSettings", "Artificial.Scrum.Master.UserSettings\Artificial.Scrum.Master.UserSettings.csproj", "{8D334863-49D9-44AF-BB63-E01F78CE4214}"
EndProject
Project("{9A19103F-16F7-4668-BE54-9A1E7A4F7556}") = "Artificial.Scrum.Master.UserSettings.Tests", "Artificial.Scrum.Master.UserSettings.Tests\Artificial.Scrum.Master.UserSettings.Tests.csproj", "{3795DC74-4029-40B4-AFC9-ED87A050CE45}"
EndProject
Project("{9A19103F-16F7-4668-BE54-9A1E7A4F7556}") = "Artificial.Scrum.Master.ScrumIntegration", "Artificial.Scrum.Master.ScrumIntegration\Artificial.Scrum.Master.ScrumIntegration.csproj", "{BDF65CBA-C3CF-42B8-8019-01CFACD3073E}"
EndProject
Project("{9A19103F-16F7-4668-BE54-9A1E7A4F7556}") = "Artificial.Scrum.Master.User", "Artificial.Scrum.Master.User\Artificial.Scrum.Master.User.csproj", "{0EBA7A54-C949-47C0-9247-F55C74C5DE1C}"
EndProject
Project("{9A19103F-16F7-4668-BE54-9A1E7A4F7556}") = "Artificial.Scrum.Master.ScrumIntegration.Tests", "Artificial.Scrum.Master.ScrumIntegration.Tests\Artificial.Scrum.Master.ScrumIntegration.Tests.csproj", "{863F45BA-0F24-4518-B0CC-343709E28515}"
EndProject
Project("{9A19103F-16F7-4668-BE54-9A1E7A4F7556}") = "Artificial.Scrum.Master.EstimationPoker", "Artificial.Scrum.Master.EstimationPoker\Artificial.Scrum.Master.EstimationPoker.csproj", "{45903A6A-A593-4808-973C-DB041C7844EA}"
EndProject
Project("{2150E333-8FDC-42A3-9474-1A3956D46DE8}") = "Elementy rozwiązania", "Elementy rozwiązania", "{E18EFCDC-0D8B-4874-9B67-EA042B521F93}"
	ProjectSection(SolutionItems) = preProject
		..\..\.editorconfig = ..\..\.editorconfig
	EndProjectSection
EndProject
Project("{9A19103F-16F7-4668-BE54-9A1E7A4F7556}") = "Artificial.Scrum.Master.EstimationPoker.Tests", "Artificial.Scrum.Master.EstimationPoker.Tests\Artificial.Scrum.Master.EstimationPoker.Tests.csproj", "{34511132-56E1-44A9-A686-AB5C29F7B01D}"
EndProject
Project("{9A19103F-16F7-4668-BE54-9A1E7A4F7556}") = "Artificial.Scrum.Master.EditTextSuggestions", "Artificial.Scrum.Master.EditTextSuggestions\Artificial.Scrum.Master.EditTextSuggestions.csproj", "{30C127A8-0B16-4543-AD35-878849CDD033}"
EndProject
Project("{FAE04EC0-301F-11D3-BF4B-00C04F79EFBC}") = "Artificial.Scrum.Master.TaskGeneration", "Artificial.Scrum.Master.TaskGeneration\Artificial.Scrum.Master.TaskGeneration.csproj", "{86A386E9-24F4-4B01-81AA-7009CA62A0E4}"
EndProject
Global
	GlobalSection(SolutionConfigurationPlatforms) = preSolution
		Debug|Any CPU = Debug|Any CPU
		Release|Any CPU = Release|Any CPU
	EndGlobalSection
	GlobalSection(ProjectConfigurationPlatforms) = postSolution
		{173A3335-F449-46B5-BE55-1512DD7C9799}.Debug|Any CPU.ActiveCfg = Debug|Any CPU
		{173A3335-F449-46B5-BE55-1512DD7C9799}.Debug|Any CPU.Build.0 = Debug|Any CPU
		{173A3335-F449-46B5-BE55-1512DD7C9799}.Release|Any CPU.ActiveCfg = Release|Any CPU
		{173A3335-F449-46B5-BE55-1512DD7C9799}.Release|Any CPU.Build.0 = Release|Any CPU
		{A264DD87-C1B1-48D9-9680-5D8940C236DE}.Debug|Any CPU.ActiveCfg = Debug|Any CPU
		{A264DD87-C1B1-48D9-9680-5D8940C236DE}.Debug|Any CPU.Build.0 = Debug|Any CPU
		{A264DD87-C1B1-48D9-9680-5D8940C236DE}.Release|Any CPU.ActiveCfg = Release|Any CPU
		{A264DD87-C1B1-48D9-9680-5D8940C236DE}.Release|Any CPU.Build.0 = Release|Any CPU
		{A60BC40A-0229-4029-B2A4-DD4F89968124}.Debug|Any CPU.ActiveCfg = Debug|Any CPU
		{A60BC40A-0229-4029-B2A4-DD4F89968124}.Debug|Any CPU.Build.0 = Debug|Any CPU
		{A60BC40A-0229-4029-B2A4-DD4F89968124}.Release|Any CPU.ActiveCfg = Release|Any CPU
		{A60BC40A-0229-4029-B2A4-DD4F89968124}.Release|Any CPU.Build.0 = Release|Any CPU
		{1CC75432-02EF-4AC5-9CE0-8CE7C13D8346}.Debug|Any CPU.ActiveCfg = Debug|Any CPU
		{1CC75432-02EF-4AC5-9CE0-8CE7C13D8346}.Debug|Any CPU.Build.0 = Debug|Any CPU
		{1CC75432-02EF-4AC5-9CE0-8CE7C13D8346}.Release|Any CPU.ActiveCfg = Release|Any CPU
		{1CC75432-02EF-4AC5-9CE0-8CE7C13D8346}.Release|Any CPU.Build.0 = Release|Any CPU
		{8D334863-49D9-44AF-BB63-E01F78CE4214}.Debug|Any CPU.ActiveCfg = Debug|Any CPU
		{8D334863-49D9-44AF-BB63-E01F78CE4214}.Debug|Any CPU.Build.0 = Debug|Any CPU
		{8D334863-49D9-44AF-BB63-E01F78CE4214}.Release|Any CPU.ActiveCfg = Release|Any CPU
		{8D334863-49D9-44AF-BB63-E01F78CE4214}.Release|Any CPU.Build.0 = Release|Any CPU
		{3795DC74-4029-40B4-AFC9-ED87A050CE45}.Debug|Any CPU.ActiveCfg = Debug|Any CPU
		{3795DC74-4029-40B4-AFC9-ED87A050CE45}.Debug|Any CPU.Build.0 = Debug|Any CPU
		{3795DC74-4029-40B4-AFC9-ED87A050CE45}.Release|Any CPU.ActiveCfg = Release|Any CPU
		{3795DC74-4029-40B4-AFC9-ED87A050CE45}.Release|Any CPU.Build.0 = Release|Any CPU
		{BDF65CBA-C3CF-42B8-8019-01CFACD3073E}.Debug|Any CPU.ActiveCfg = Debug|Any CPU
		{BDF65CBA-C3CF-42B8-8019-01CFACD3073E}.Debug|Any CPU.Build.0 = Debug|Any CPU
		{BDF65CBA-C3CF-42B8-8019-01CFACD3073E}.Release|Any CPU.ActiveCfg = Release|Any CPU
		{BDF65CBA-C3CF-42B8-8019-01CFACD3073E}.Release|Any CPU.Build.0 = Release|Any CPU
		{0EBA7A54-C949-47C0-9247-F55C74C5DE1C}.Debug|Any CPU.ActiveCfg = Debug|Any CPU
		{0EBA7A54-C949-47C0-9247-F55C74C5DE1C}.Debug|Any CPU.Build.0 = Debug|Any CPU
		{0EBA7A54-C949-47C0-9247-F55C74C5DE1C}.Release|Any CPU.ActiveCfg = Release|Any CPU
		{0EBA7A54-C949-47C0-9247-F55C74C5DE1C}.Release|Any CPU.Build.0 = Release|Any CPU
		{863F45BA-0F24-4518-B0CC-343709E28515}.Debug|Any CPU.ActiveCfg = Debug|Any CPU
		{863F45BA-0F24-4518-B0CC-343709E28515}.Debug|Any CPU.Build.0 = Debug|Any CPU
		{863F45BA-0F24-4518-B0CC-343709E28515}.Release|Any CPU.ActiveCfg = Release|Any CPU
		{863F45BA-0F24-4518-B0CC-343709E28515}.Release|Any CPU.Build.0 = Release|Any CPU
		{45903A6A-A593-4808-973C-DB041C7844EA}.Debug|Any CPU.ActiveCfg = Debug|Any CPU
		{45903A6A-A593-4808-973C-DB041C7844EA}.Debug|Any CPU.Build.0 = Debug|Any CPU
		{45903A6A-A593-4808-973C-DB041C7844EA}.Release|Any CPU.ActiveCfg = Release|Any CPU
		{45903A6A-A593-4808-973C-DB041C7844EA}.Release|Any CPU.Build.0 = Release|Any CPU
		{34511132-56E1-44A9-A686-AB5C29F7B01D}.Debug|Any CPU.ActiveCfg = Debug|Any CPU
		{34511132-56E1-44A9-A686-AB5C29F7B01D}.Debug|Any CPU.Build.0 = Debug|Any CPU
		{34511132-56E1-44A9-A686-AB5C29F7B01D}.Release|Any CPU.ActiveCfg = Release|Any CPU
		{34511132-56E1-44A9-A686-AB5C29F7B01D}.Release|Any CPU.Build.0 = Release|Any CPU
		{30C127A8-0B16-4543-AD35-878849CDD033}.Debug|Any CPU.ActiveCfg = Debug|Any CPU
		{30C127A8-0B16-4543-AD35-878849CDD033}.Debug|Any CPU.Build.0 = Debug|Any CPU
		{30C127A8-0B16-4543-AD35-878849CDD033}.Release|Any CPU.ActiveCfg = Release|Any CPU
		{30C127A8-0B16-4543-AD35-878849CDD033}.Release|Any CPU.Build.0 = Release|Any CPU
		{86A386E9-24F4-4B01-81AA-7009CA62A0E4}.Debug|Any CPU.ActiveCfg = Debug|Any CPU
		{86A386E9-24F4-4B01-81AA-7009CA62A0E4}.Debug|Any CPU.Build.0 = Debug|Any CPU
		{86A386E9-24F4-4B01-81AA-7009CA62A0E4}.Release|Any CPU.ActiveCfg = Release|Any CPU
		{86A386E9-24F4-4B01-81AA-7009CA62A0E4}.Release|Any CPU.Build.0 = Release|Any CPU
	EndGlobalSection
	GlobalSection(SolutionProperties) = preSolution
		HideSolutionNode = FALSE
	EndGlobalSection
	GlobalSection(NestedProjects) = preSolution
		{A264DD87-C1B1-48D9-9680-5D8940C236DE} = {B432A0FE-0244-45E2-962F-3F9B55350DCF}
		{8D334863-49D9-44AF-BB63-E01F78CE4214} = {31D4712E-33B6-4A31-AF65-52041AB7B17B}
		{3795DC74-4029-40B4-AFC9-ED87A050CE45} = {B432A0FE-0244-45E2-962F-3F9B55350DCF}
		{BDF65CBA-C3CF-42B8-8019-01CFACD3073E} = {31D4712E-33B6-4A31-AF65-52041AB7B17B}
		{0EBA7A54-C949-47C0-9247-F55C74C5DE1C} = {31D4712E-33B6-4A31-AF65-52041AB7B17B}
		{863F45BA-0F24-4518-B0CC-343709E28515} = {B432A0FE-0244-45E2-962F-3F9B55350DCF}
		{45903A6A-A593-4808-973C-DB041C7844EA} = {31D4712E-33B6-4A31-AF65-52041AB7B17B}
		{34511132-56E1-44A9-A686-AB5C29F7B01D} = {B432A0FE-0244-45E2-962F-3F9B55350DCF}
		{30C127A8-0B16-4543-AD35-878849CDD033} = {31D4712E-33B6-4A31-AF65-52041AB7B17B}
		{86A386E9-24F4-4B01-81AA-7009CA62A0E4} = {31D4712E-33B6-4A31-AF65-52041AB7B17B}
	EndGlobalSection
	GlobalSection(ExtensibilityGlobals) = postSolution
		SolutionGuid = {C3EE4105-802C-4017-AA5D-87CBDAFCA91E}
	EndGlobalSection
EndGlobal
